
Microsoft Visual Studio Solution File, Format Version 12.00
# Visual Studio Version 16
VisualStudioVersion = 16.0.30413.136
MinimumVisualStudioVersion = 10.0.40219.1
Project("{FAE04EC0-301F-11D3-BF4B-00C04F79EFBC}") = "TW Github Extra Project", "TW Github Extra Project.csproj", "{3D72F775-8814-4C8E-B6FA-326541579BD5}"
EndProject
Global
	GlobalSection(SolutionConfigurationPlatforms) = preSolution
		Debug|Any CPU = Debug|Any CPU
		Release|Any CPU = Release|Any CPU
	EndGlobalSection
	GlobalSection(ProjectConfigurationPlatforms) = postSolution
		{3D72F775-8814-4C8E-B6FA-326541579BD5}.Debug|Any CPU.ActiveCfg = Debug|Any CPU
		{3D72F775-8814-4C8E-B6FA-326541579BD5}.Debug|Any CPU.Build.0 = Debug|Any CPU
		{3D72F775-8814-4C8E-B6FA-326541579BD5}.Release|Any CPU.ActiveCfg = Release|Any CPU
		{3D72F775-8814-4C8E-B6FA-326541579BD5}.Release|Any CPU.Build.0 = Release|Any CPU
	EndGlobalSection
	GlobalSection(SolutionProperties) = preSolution
		HideSolutionNode = FALSE
	EndGlobalSection
	GlobalSection(ExtensibilityGlobals) = postSolution
		SolutionGuid = {918F4E54-1D0A-4A21-B268-2DE4E96DC824}
	EndGlobalSection
EndGlobal
